
Microsoft Visual Studio Solution File, Format Version 12.00
# Visual Studio Version 16
VisualStudioVersion = 16.0.33529.622
MinimumVisualStudioVersion = 10.0.40219.1
Project("{FAE04EC0-301F-11D3-BF4B-00C04F79EFBC}") = "atm", "atm.csproj", "{56C297AC-40BA-4F8F-9C17-AE3D3C85C943}"
EndProject
Global
	GlobalSection(SolutionConfigurationPlatforms) = preSolution
		Debug|Any CPU = Debug|Any CPU
		Release|Any CPU = Release|Any CPU
	EndGlobalSection
	GlobalSection(ProjectConfigurationPlatforms) = postSolution
		{56C297AC-40BA-4F8F-9C17-AE3D3C85C943}.Debug|Any CPU.ActiveCfg = Debug|Any CPU
		{56C297AC-40BA-4F8F-9C17-AE3D3C85C943}.Debug|Any CPU.Build.0 = Debug|Any CPU
		{56C297AC-40BA-4F8F-9C17-AE3D3C85C943}.Release|Any CPU.ActiveCfg = Release|Any CPU
		{56C297AC-40BA-4F8F-9C17-AE3D3C85C943}.Release|Any CPU.Build.0 = Release|Any CPU
	EndGlobalSection
	GlobalSection(SolutionProperties) = preSolution
		HideSolutionNode = FALSE
	EndGlobalSection
	GlobalSection(ExtensibilityGlobals) = postSolution
		SolutionGuid = {5CA0BEAE-68C5-4009-B049-56AC98090585}
	EndGlobalSection
EndGlobal
